// !$*UTF8*$!
{
	archiveVersion = 1;
	classes = {
	};
	objectVersion = 46;
	objects = {

/* Begin PBXBuildFile section */
		DAF680DB1D3F4D9800767779 /* main.m in Sources */ = {isa = PBXBuildFile; fileRef = DAF680DA1D3F4D9800767779 /* main.m */; };
		DAF680DE1D3F4D9800767779 /* AppDelegate.m in Sources */ = {isa = PBXBuildFile; fileRef = DAF680DD1D3F4D9800767779 /* AppDelegate.m */; };
		DAF680E11D3F4D9800767779 /* ViewController.m in Sources */ = {isa = PBXBuildFile; fileRef = DAF680E01D3F4D9800767779 /* ViewController.m */; };
		DAF680E41D3F4D9800767779 /* Main.storyboard in Resources */ = {isa = PBXBuildFile; fileRef = DAF680E21D3F4D9800767779 /* Main.storyboard */; };
		DAF680E61D3F4D9800767779 /* Assets.xcassets in Resources */ = {isa = PBXBuildFile; fileRef = DAF680E51D3F4D9800767779 /* Assets.xcassets */; };
		DAF680E91D3F4D9800767779 /* LaunchScreen.storyboard in Resources */ = {isa = PBXBuildFile; fileRef = DAF680E71D3F4D9800767779 /* LaunchScreen.storyboard */; };
		DAF680F41D3F4D9800767779 /* CSImojiKeyboardTests.m in Sources */ = {isa = PBXBuildFile; fileRef = DAF680F31D3F4D9800767779 /* CSImojiKeyboardTests.m */; };
		DAF680FF1D3F4D9800767779 /* CSImojiKeyboardUITests.m in Sources */ = {isa = PBXBuildFile; fileRef = DAF680FE1D3F4D9800767779 /* CSImojiKeyboardUITests.m */; };
		DAFBFCEA1D3F55720031458B /* EmoPageView.m in Sources */ = {isa = PBXBuildFile; fileRef = DAFBFCE91D3F55720031458B /* EmoPageView.m */; };
		DAFBFCEC1D3F55820031458B /* EmoView.xib in Resources */ = {isa = PBXBuildFile; fileRef = DAFBFCEB1D3F55820031458B /* EmoView.xib */; };
		DAFBFD541D3F5E550031458B /* emoji_01_01@2x.png in Resources */ = {isa = PBXBuildFile; fileRef = DAFBFCEE1D3F5E550031458B /* emoji_01_01@2x.png */; };
		DAFBFD551D3F5E550031458B /* emoji_01_02@2x.png in Resources */ = {isa = PBXBuildFile; fileRef = DAFBFCEF1D3F5E550031458B /* emoji_01_02@2x.png */; };
		DAFBFD561D3F5E550031458B /* emoji_01_03@2x.png in Resources */ = {isa = PBXBuildFile; fileRef = DAFBFCF01D3F5E550031458B /* emoji_01_03@2x.png */; };
		DAFBFD571D3F5E550031458B /* emoji_01_04@2x.png in Resources */ = {isa = PBXBuildFile; fileRef = DAFBFCF11D3F5E550031458B /* emoji_01_04@2x.png */; };
		DAFBFD581D3F5E550031458B /* emoji_01_05@2x.png in Resources */ = {isa = PBXBuildFile; fileRef = DAFBFCF21D3F5E550031458B /* emoji_01_05@2x.png */; };
		DAFBFD591D3F5E550031458B /* emoji_01_06@2x.png in Resources */ = {isa = PBXBuildFile; fileRef = DAFBFCF31D3F5E550031458B /* emoji_01_06@2x.png */; };
		DAFBFD5A1D3F5E550031458B /* emoji_01_07@2x.png in Resources */ = {isa = PBXBuildFile; fileRef = DAFBFCF41D3F5E550031458B /* emoji_01_07@2x.png */; };
		DAFBFD5B1D3F5E550031458B /* emoji_01_08@2x.png in Resources */ = {isa = PBXBuildFile; fileRef = DAFBFCF51D3F5E550031458B /* emoji_01_08@2x.png */; };
		DAFBFD5C1D3F5E550031458B /* emoji_01_09@2x.png in Resources */ = {isa = PBXBuildFile; fileRef = DAFBFCF61D3F5E550031458B /* emoji_01_09@2x.png */; };
		DAFBFD5D1D3F5E550031458B /* emoji_01_10@2x.png in Resources */ = {isa = PBXBuildFile; fileRef = DAFBFCF71D3F5E550031458B /* emoji_01_10@2x.png */; };
		DAFBFD5E1D3F5E550031458B /* emoji_01_11@2x.png in Resources */ = {isa = PBXBuildFile; fileRef = DAFBFCF81D3F5E550031458B /* emoji_01_11@2x.png */; };
		DAFBFD5F1D3F5E550031458B /* emoji_01_12@2x.png in Resources */ = {isa = PBXBuildFile; fileRef = DAFBFCF91D3F5E550031458B /* emoji_01_12@2x.png */; };
		DAFBFD601D3F5E550031458B /* emoji_02_01@2x.png in Resources */ = {isa = PBXBuildFile; fileRef = DAFBFCFA1D3F5E550031458B /* emoji_02_01@2x.png */; };
		DAFBFD611D3F5E550031458B /* emoji_02_02@2x.png in Resources */ = {isa = PBXBuildFile; fileRef = DAFBFCFB1D3F5E550031458B /* emoji_02_02@2x.png */; };
		DAFBFD621D3F5E550031458B /* emoji_02_03@2x.png in Resources */ = {isa = PBXBuildFile; fileRef = DAFBFCFC1D3F5E550031458B /* emoji_02_03@2x.png */; };
		DAFBFD631D3F5E550031458B /* emoji_02_04@2x.png in Resources */ = {isa = PBXBuildFile; fileRef = DAFBFCFD1D3F5E550031458B /* emoji_02_04@2x.png */; };
		DAFBFD641D3F5E550031458B /* emoji_02_05@2x.png in Resources */ = {isa = PBXBuildFile; fileRef = DAFBFCFE1D3F5E550031458B /* emoji_02_05@2x.png */; };
		DAFBFD651D3F5E550031458B /* emoji_02_06@2x.png in Resources */ = {isa = PBXBuildFile; fileRef = DAFBFCFF1D3F5E550031458B /* emoji_02_06@2x.png */; };
		DAFBFD661D3F5E550031458B /* emoji_02_07@2x.png in Resources */ = {isa = PBXBuildFile; fileRef = DAFBFD001D3F5E550031458B /* emoji_02_07@2x.png */; };
		DAFBFD671D3F5E550031458B /* emoji_02_08@2x.png in Resources */ = {isa = PBXBuildFile; fileRef = DAFBFD011D3F5E550031458B /* emoji_02_08@2x.png */; };
		DAFBFD681D3F5E550031458B /* emoji_03_01@2x.png in Resources */ = {isa = PBXBuildFile; fileRef = DAFBFD021D3F5E550031458B /* emoji_03_01@2x.png */; };
		DAFBFD691D3F5E550031458B /* emoji_03_02@2x.png in Resources */ = {isa = PBXBuildFile; fileRef = DAFBFD031D3F5E550031458B /* emoji_03_02@2x.png */; };
		DAFBFD6A1D3F5E550031458B /* emoji_03_03@2x.png in Resources */ = {isa = PBXBuildFile; fileRef = DAFBFD041D3F5E550031458B /* emoji_03_03@2x.png */; };
		DAFBFD6B1D3F5E550031458B /* emoji_03_04@2x.png in Resources */ = {isa = PBXBuildFile; fileRef = DAFBFD051D3F5E550031458B /* emoji_03_04@2x.png */; };
		DAFBFD6C1D3F5E550031458B /* emoji_03_05@2x.png in Resources */ = {isa = PBXBuildFile; fileRef = DAFBFD061D3F5E550031458B /* emoji_03_05@2x.png */; };
		DAFBFD6D1D3F5E550031458B /* emoji_03_06@2x.png in Resources */ = {isa = PBXBuildFile; fileRef = DAFBFD071D3F5E550031458B /* emoji_03_06@2x.png */; };
		DAFBFD6E1D3F5E550031458B /* emoji_03_07@2x.png in Resources */ = {isa = PBXBuildFile; fileRef = DAFBFD081D3F5E550031458B /* emoji_03_07@2x.png */; };
		DAFBFD6F1D3F5E550031458B /* emoji_03_08@2x.png in Resources */ = {isa = PBXBuildFile; fileRef = DAFBFD091D3F5E550031458B /* emoji_03_08@2x.png */; };
		DAFBFD701D3F5E550031458B /* emoji_03_09@2x.png in Resources */ = {isa = PBXBuildFile; fileRef = DAFBFD0A1D3F5E550031458B /* emoji_03_09@2x.png */; };
		DAFBFD711D3F5E550031458B /* emoji_03_10@2x.png in Resources */ = {isa = PBXBuildFile; fileRef = DAFBFD0B1D3F5E550031458B /* emoji_03_10@2x.png */; };
		DAFBFD721D3F5E550031458B /* emoji_03_11@2x.png in Resources */ = {isa = PBXBuildFile; fileRef = DAFBFD0C1D3F5E550031458B /* emoji_03_11@2x.png */; };
		DAFBFD731D3F5E550031458B /* emoji_03_12@2x.png in Resources */ = {isa = PBXBuildFile; fileRef = DAFBFD0D1D3F5E550031458B /* emoji_03_12@2x.png */; };
		DAFBFD741D3F5E550031458B /* emoji_04_01@2x.png in Resources */ = {isa = PBXBuildFile; fileRef = DAFBFD0E1D3F5E550031458B /* emoji_04_01@2x.png */; };
		DAFBFD751D3F5E550031458B /* emoji_04_02@2x.png in Resources */ = {isa = PBXBuildFile; fileRef = DAFBFD0F1D3F5E550031458B /* emoji_04_02@2x.png */; };
		DAFBFD761D3F5E550031458B /* emoji_04_03@2x.png in Resources */ = {isa = PBXBuildFile; fileRef = DAFBFD101D3F5E550031458B /* emoji_04_03@2x.png */; };
		DAFBFD771D3F5E550031458B /* emoji_04_04@2x.png in Resources */ = {isa = PBXBuildFile; fileRef = DAFBFD111D3F5E550031458B /* emoji_04_04@2x.png */; };
		DAFBFD781D3F5E550031458B /* emoji_04_05@2x.png in Resources */ = {isa = PBXBuildFile; fileRef = DAFBFD121D3F5E550031458B /* emoji_04_05@2x.png */; };
		DAFBFD791D3F5E550031458B /* emoji_04_06@2x.png in Resources */ = {isa = PBXBuildFile; fileRef = DAFBFD131D3F5E550031458B /* emoji_04_06@2x.png */; };
		DAFBFD7A1D3F5E550031458B /* emoji_04_07@2x.png in Resources */ = {isa = PBXBuildFile; fileRef = DAFBFD141D3F5E550031458B /* emoji_04_07@2x.png */; };
		DAFBFD7B1D3F5E550031458B /* emoji_04_08@2x.png in Resources */ = {isa = PBXBuildFile; fileRef = DAFBFD151D3F5E550031458B /* emoji_04_08@2x.png */; };
		DAFBFD7C1D3F5E550031458B /* emoji_04_09@2x.png in Resources */ = {isa = PBXBuildFile; fileRef = DAFBFD161D3F5E550031458B /* emoji_04_09@2x.png */; };
		DAFBFD7D1D3F5E550031458B /* emoji_04_10@2x.png in Resources */ = {isa = PBXBuildFile; fileRef = DAFBFD171D3F5E550031458B /* emoji_04_10@2x.png */; };
		DAFBFD7E1D3F5E550031458B /* emoji_04_11@2x.png in Resources */ = {isa = PBXBuildFile; fileRef = DAFBFD181D3F5E550031458B /* emoji_04_11@2x.png */; };
		DAFBFD7F1D3F5E550031458B /* emoji_04_12@2x.png in Resources */ = {isa = PBXBuildFile; fileRef = DAFBFD191D3F5E550031458B /* emoji_04_12@2x.png */; };
		DAFBFD801D3F5E550031458B /* emoji_05_01@2x.png in Resources */ = {isa = PBXBuildFile; fileRef = DAFBFD1A1D3F5E550031458B /* emoji_05_01@2x.png */; };
		DAFBFD811D3F5E550031458B /* emoji_05_02@2x.png in Resources */ = {isa = PBXBuildFile; fileRef = DAFBFD1B1D3F5E550031458B /* emoji_05_02@2x.png */; };
		DAFBFD821D3F5E550031458B /* emoji_05_03@2x.png in Resources */ = {isa = PBXBuildFile; fileRef = DAFBFD1C1D3F5E550031458B /* emoji_05_03@2x.png */; };
		DAFBFD831D3F5E550031458B /* emoji_05_04@2x.png in Resources */ = {isa = PBXBuildFile; fileRef = DAFBFD1D1D3F5E550031458B /* emoji_05_04@2x.png */; };
		DAFBFD841D3F5E550031458B /* emoji_05_05@2x.png in Resources */ = {isa = PBXBuildFile; fileRef = DAFBFD1E1D3F5E550031458B /* emoji_05_05@2x.png */; };
		DAFBFD851D3F5E550031458B /* emoji_05_06@2x.png in Resources */ = {isa = PBXBuildFile; fileRef = DAFBFD1F1D3F5E550031458B /* emoji_05_06@2x.png */; };
		DAFBFD861D3F5E550031458B /* emoji_05_07@2x.png in Resources */ = {isa = PBXBuildFile; fileRef = DAFBFD201D3F5E550031458B /* emoji_05_07@2x.png */; };
		DAFBFD871D3F5E550031458B /* emoji_05_08@2x.png in Resources */ = {isa = PBXBuildFile; fileRef = DAFBFD211D3F5E550031458B /* emoji_05_08@2x.png */; };
		DAFBFD881D3F5E550031458B /* emoji_05_09@2x.png in Resources */ = {isa = PBXBuildFile; fileRef = DAFBFD221D3F5E550031458B /* emoji_05_09@2x.png */; };
		DAFBFD891D3F5E550031458B /* emoji_05_10@2x.png in Resources */ = {isa = PBXBuildFile; fileRef = DAFBFD231D3F5E550031458B /* emoji_05_10@2x.png */; };
		DAFBFD8A1D3F5E550031458B /* emoji_05_11@2x.png in Resources */ = {isa = PBXBuildFile; fileRef = DAFBFD241D3F5E550031458B /* emoji_05_11@2x.png */; };
		DAFBFD8B1D3F5E550031458B /* emoji_05_12@2x.png in Resources */ = {isa = PBXBuildFile; fileRef = DAFBFD251D3F5E550031458B /* emoji_05_12@2x.png */; };
		DAFBFD8C1D3F5E550031458B /* emoji_06_01@2x.png in Resources */ = {isa = PBXBuildFile; fileRef = DAFBFD261D3F5E550031458B /* emoji_06_01@2x.png */; };
		DAFBFD8D1D3F5E550031458B /* emoji_06_02@2x.png in Resources */ = {isa = PBXBuildFile; fileRef = DAFBFD271D3F5E550031458B /* emoji_06_02@2x.png */; };
		DAFBFD8E1D3F5E550031458B /* emoji_06_03@2x.png in Resources */ = {isa = PBXBuildFile; fileRef = DAFBFD281D3F5E550031458B /* emoji_06_03@2x.png */; };
		DAFBFD8F1D3F5E550031458B /* emoji_06_04@2x.png in Resources */ = {isa = PBXBuildFile; fileRef = DAFBFD291D3F5E550031458B /* emoji_06_04@2x.png */; };
		DAFBFD901D3F5E550031458B /* emoji_06_05@2x.png in Resources */ = {isa = PBXBuildFile; fileRef = DAFBFD2A1D3F5E550031458B /* emoji_06_05@2x.png */; };
		DAFBFD911D3F5E550031458B /* emoji_06_06@2x.png in Resources */ = {isa = PBXBuildFile; fileRef = DAFBFD2B1D3F5E550031458B /* emoji_06_06@2x.png */; };
		DAFBFD921D3F5E550031458B /* emoji_06_07@2x.png in Resources */ = {isa = PBXBuildFile; fileRef = DAFBFD2C1D3F5E550031458B /* emoji_06_07@2x.png */; };
		DAFBFD931D3F5E550031458B /* emoji_06_08@2x.png in Resources */ = {isa = PBXBuildFile; fileRef = DAFBFD2D1D3F5E550031458B /* emoji_06_08@2x.png */; };
		DAFBFD941D3F5E550031458B /* emoji_06_09@2x.png in Resources */ = {isa = PBXBuildFile; fileRef = DAFBFD2E1D3F5E550031458B /* emoji_06_09@2x.png */; };
		DAFBFD951D3F5E550031458B /* emoji_06_10@2x.png in Resources */ = {isa = PBXBuildFile; fileRef = DAFBFD2F1D3F5E550031458B /* emoji_06_10@2x.png */; };
		DAFBFD961D3F5E550031458B /* emoji_06_11@2x.png in Resources */ = {isa = PBXBuildFile; fileRef = DAFBFD301D3F5E550031458B /* emoji_06_11@2x.png */; };
		DAFBFD971D3F5E550031458B /* emoji_06_12@2x.png in Resources */ = {isa = PBXBuildFile; fileRef = DAFBFD311D3F5E550031458B /* emoji_06_12@2x.png */; };
		DAFBFD981D3F5E550031458B /* emoji_07_01@2x.png in Resources */ = {isa = PBXBuildFile; fileRef = DAFBFD321D3F5E550031458B /* emoji_07_01@2x.png */; };
		DAFBFD991D3F5E550031458B /* emoji_07_02@2x.png in Resources */ = {isa = PBXBuildFile; fileRef = DAFBFD331D3F5E550031458B /* emoji_07_02@2x.png */; };
		DAFBFD9A1D3F5E550031458B /* emoji_07_03@2x.png in Resources */ = {isa = PBXBuildFile; fileRef = DAFBFD341D3F5E550031458B /* emoji_07_03@2x.png */; };
		DAFBFD9B1D3F5E550031458B /* emoji_07_04@2x.png in Resources */ = {isa = PBXBuildFile; fileRef = DAFBFD351D3F5E550031458B /* emoji_07_04@2x.png */; };
		DAFBFD9C1D3F5E550031458B /* emoji_07_05@2x.png in Resources */ = {isa = PBXBuildFile; fileRef = DAFBFD361D3F5E550031458B /* emoji_07_05@2x.png */; };
		DAFBFD9D1D3F5E550031458B /* emoji_07_06@2x.png in Resources */ = {isa = PBXBuildFile; fileRef = DAFBFD371D3F5E550031458B /* emoji_07_06@2x.png */; };
		DAFBFD9E1D3F5E550031458B /* emoji_07_07@2x.png in Resources */ = {isa = PBXBuildFile; fileRef = DAFBFD381D3F5E550031458B /* emoji_07_07@2x.png */; };
		DAFBFD9F1D3F5E550031458B /* emoji_07_08@2x.png in Resources */ = {isa = PBXBuildFile; fileRef = DAFBFD391D3F5E550031458B /* emoji_07_08@2x.png */; };
		DAFBFDA01D3F5E550031458B /* emoji_07_09@2x.png in Resources */ = {isa = PBXBuildFile; fileRef = DAFBFD3A1D3F5E550031458B /* emoji_07_09@2x.png */; };
		DAFBFDA11D3F5E550031458B /* emoji_07_10@2x.png in Resources */ = {isa = PBXBuildFile; fileRef = DAFBFD3B1D3F5E550031458B /* emoji_07_10@2x.png */; };
		DAFBFDA21D3F5E550031458B /* emoji_07_11@2x.png in Resources */ = {isa = PBXBuildFile; fileRef = DAFBFD3C1D3F5E550031458B /* emoji_07_11@2x.png */; };
		DAFBFDA31D3F5E550031458B /* emoji_07_12@2x.png in Resources */ = {isa = PBXBuildFile; fileRef = DAFBFD3D1D3F5E550031458B /* emoji_07_12@2x.png */; };
		DAFBFDA41D3F5E550031458B /* emoji_08_01@2x.png in Resources */ = {isa = PBXBuildFile; fileRef = DAFBFD3E1D3F5E550031458B /* emoji_08_01@2x.png */; };
		DAFBFDA51D3F5E550031458B /* emoji_08_02@2x.png in Resources */ = {isa = PBXBuildFile; fileRef = DAFBFD3F1D3F5E550031458B /* emoji_08_02@2x.png */; };
		DAFBFDA61D3F5E550031458B /* emoji_08_03@2x.png in Resources */ = {isa = PBXBuildFile; fileRef = DAFBFD401D3F5E550031458B /* emoji_08_03@2x.png */; };
		DAFBFDA71D3F5E550031458B /* emoji_08_04@2x.png in Resources */ = {isa = PBXBuildFile; fileRef = DAFBFD411D3F5E550031458B /* emoji_08_04@2x.png */; };
		DAFBFDA81D3F5E550031458B /* emoji_08_05@2x.png in Resources */ = {isa = PBXBuildFile; fileRef = DAFBFD421D3F5E550031458B /* emoji_08_05@2x.png */; };
		DAFBFDA91D3F5E550031458B /* emoji_08_06@2x.png in Resources */ = {isa = PBXBuildFile; fileRef = DAFBFD431D3F5E550031458B /* emoji_08_06@2x.png */; };
		DAFBFDAA1D3F5E550031458B /* emoji_08_07@2x.png in Resources */ = {isa = PBXBuildFile; fileRef = DAFBFD441D3F5E550031458B /* emoji_08_07@2x.png */; };
		DAFBFDAB1D3F5E550031458B /* emoji_08_08@2x.png in Resources */ = {isa = PBXBuildFile; fileRef = DAFBFD451D3F5E550031458B /* emoji_08_08@2x.png */; };
		DAFBFDAC1D3F5E550031458B /* emoji_08_09@2x.png in Resources */ = {isa = PBXBuildFile; fileRef = DAFBFD461D3F5E550031458B /* emoji_08_09@2x.png */; };
		DAFBFDAD1D3F5E550031458B /* emoji_08_10@2x.png in Resources */ = {isa = PBXBuildFile; fileRef = DAFBFD471D3F5E550031458B /* emoji_08_10@2x.png */; };
		DAFBFDAE1D3F5E550031458B /* emoji_08_11@2x.png in Resources */ = {isa = PBXBuildFile; fileRef = DAFBFD481D3F5E550031458B /* emoji_08_11@2x.png */; };
		DAFBFDAF1D3F5E550031458B /* emoji_08_12@2x.png in Resources */ = {isa = PBXBuildFile; fileRef = DAFBFD491D3F5E550031458B /* emoji_08_12@2x.png */; };
		DAFBFDB01D3F5E550031458B /* emoji_08_13@2x.png in Resources */ = {isa = PBXBuildFile; fileRef = DAFBFD4A1D3F5E550031458B /* emoji_08_13@2x.png */; };
		DAFBFDB11D3F5E550031458B /* emoji_08_14@2x.png in Resources */ = {isa = PBXBuildFile; fileRef = DAFBFD4B1D3F5E550031458B /* emoji_08_14@2x.png */; };
		DAFBFDB21D3F5E550031458B /* emoji_08_15@2x.png in Resources */ = {isa = PBXBuildFile; fileRef = DAFBFD4C1D3F5E550031458B /* emoji_08_15@2x.png */; };
		DAFBFDB31D3F5E550031458B /* emoji_08_16@2x.png in Resources */ = {isa = PBXBuildFile; fileRef = DAFBFD4D1D3F5E550031458B /* emoji_08_16@2x.png */; };
		DAFBFDB41D3F5E550031458B /* emoji_08_17@2x.png in Resources */ = {isa = PBXBuildFile; fileRef = DAFBFD4E1D3F5E550031458B /* emoji_08_17@2x.png */; };
		DAFBFDB51D3F5E550031458B /* emoji_08_18@2x.png in Resources */ = {isa = PBXBuildFile; fileRef = DAFBFD4F1D3F5E550031458B /* emoji_08_18@2x.png */; };
		DAFBFDB61D3F5E550031458B /* emoji_08_19@2x.png in Resources */ = {isa = PBXBuildFile; fileRef = DAFBFD501D3F5E550031458B /* emoji_08_19@2x.png */; };
		DAFBFDB71D3F5E550031458B /* emoji_08_20@2x.png in Resources */ = {isa = PBXBuildFile; fileRef = DAFBFD511D3F5E550031458B /* emoji_08_20@2x.png */; };
		DAFBFDB81D3F5E550031458B /* emoji_off@2x.png in Resources */ = {isa = PBXBuildFile; fileRef = DAFBFD521D3F5E550031458B /* emoji_off@2x.png */; };
		DAFBFDB91D3F5E550031458B /* emoji_on@2x.png in Resources */ = {isa = PBXBuildFile; fileRef = DAFBFD531D3F5E550031458B /* emoji_on@2x.png */; };
		DAFBFDBC1D3F727A0031458B /* EmoCollectionViewCell.m in Sources */ = {isa = PBXBuildFile; fileRef = DAFBFDBB1D3F727A0031458B /* EmoCollectionViewCell.m */; };
		DAFBFDBE1D3F72BD0031458B /* EmoCell.xib in Resources */ = {isa = PBXBuildFile; fileRef = DAFBFDBD1D3F72BD0031458B /* EmoCell.xib */; };
/* End PBXBuildFile section */

/* Begin PBXContainerItemProxy section */
		DAF680F01D3F4D9800767779 /* PBXContainerItemProxy */ = {
			isa = PBXContainerItemProxy;
			containerPortal = DAF680CE1D3F4D9800767779 /* Project object */;
			proxyType = 1;
			remoteGlobalIDString = DAF680D51D3F4D9800767779;
			remoteInfo = CSImojiKeyboard;
		};
		DAF680FB1D3F4D9800767779 /* PBXContainerItemProxy */ = {
			isa = PBXContainerItemProxy;
			containerPortal = DAF680CE1D3F4D9800767779 /* Project object */;
			proxyType = 1;
			remoteGlobalIDString = DAF680D51D3F4D9800767779;
			remoteInfo = CSImojiKeyboard;
		};
/* End PBXContainerItemProxy section */

/* Begin PBXFileReference section */
		DAF680D61D3F4D9800767779 /* CSImojiKeyboard.app */ = {isa = PBXFileReference; explicitFileType = wrapper.application; includeInIndex = 0; path = CSImojiKeyboard.app; sourceTree = BUILT_PRODUCTS_DIR; };
		DAF680DA1D3F4D9800767779 /* main.m */ = {isa = PBXFileReference; lastKnownFileType = sourcecode.c.objc; path = main.m; sourceTree = "<group>"; };
		DAF680DC1D3F4D9800767779 /* AppDelegate.h */ = {isa = PBXFileReference; lastKnownFileType = sourcecode.c.h; name = AppDelegate.h; path = CSImojiKeyboard/AppDelegate.h; sourceTree = "<group>"; };
		DAF680DD1D3F4D9800767779 /* AppDelegate.m */ = {isa = PBXFileReference; lastKnownFileType = sourcecode.c.objc; name = AppDelegate.m; path = CSImojiKeyboard/AppDelegate.m; sourceTree = "<group>"; };
		DAF680DF1D3F4D9800767779 /* ViewController.h */ = {isa = PBXFileReference; lastKnownFileType = sourcecode.c.h; name = ViewController.h; path = CSImojiKeyboard/ViewController.h; sourceTree = "<group>"; };
		DAF680E01D3F4D9800767779 /* ViewController.m */ = {isa = PBXFileReference; lastKnownFileType = sourcecode.c.objc; name = ViewController.m; path = CSImojiKeyboard/ViewController.m; sourceTree = "<group>"; };
		DAF680E31D3F4D9800767779 /* Base */ = {isa = PBXFileReference; lastKnownFileType = file.storyboard; name = Base; path = Base.lproj/Main.storyboard; sourceTree = "<group>"; };
		DAF680E51D3F4D9800767779 /* Assets.xcassets */ = {isa = PBXFileReference; lastKnownFileType = folder.assetcatalog; name = Assets.xcassets; path = CSImojiKeyboard/Assets.xcassets; sourceTree = "<group>"; };
		DAF680E81D3F4D9800767779 /* Base */ = {isa = PBXFileReference; lastKnownFileType = file.storyboard; name = Base; path = Base.lproj/LaunchScreen.storyboard; sourceTree = "<group>"; };
		DAF680EA1D3F4D9800767779 /* Info.plist */ = {isa = PBXFileReference; lastKnownFileType = text.plist.xml; name = Info.plist; path = CSImojiKeyboard/Info.plist; sourceTree = "<group>"; };
		DAF680EF1D3F4D9800767779 /* CSImojiKeyboardTests.xctest */ = {isa = PBXFileReference; explicitFileType = wrapper.cfbundle; includeInIndex = 0; path = CSImojiKeyboardTests.xctest; sourceTree = BUILT_PRODUCTS_DIR; };
		DAF680F31D3F4D9800767779 /* CSImojiKeyboardTests.m */ = {isa = PBXFileReference; lastKnownFileType = sourcecode.c.objc; path = CSImojiKeyboardTests.m; sourceTree = "<group>"; };
		DAF680F51D3F4D9800767779 /* Info.plist */ = {isa = PBXFileReference; lastKnownFileType = text.plist.xml; path = Info.plist; sourceTree = "<group>"; };
		DAF680FA1D3F4D9800767779 /* CSImojiKeyboardUITests.xctest */ = {isa = PBXFileReference; explicitFileType = wrapper.cfbundle; includeInIndex = 0; path = CSImojiKeyboardUITests.xctest; sourceTree = BUILT_PRODUCTS_DIR; };
		DAF680FE1D3F4D9800767779 /* CSImojiKeyboardUITests.m */ = {isa = PBXFileReference; lastKnownFileType = sourcecode.c.objc; path = CSImojiKeyboardUITests.m; sourceTree = "<group>"; };
		DAF681001D3F4D9800767779 /* Info.plist */ = {isa = PBXFileReference; lastKnownFileType = text.plist.xml; path = Info.plist; sourceTree = "<group>"; };
		DAFBFCE81D3F55720031458B /* EmoPageView.h */ = {isa = PBXFileReference; fileEncoding = 4; lastKnownFileType = sourcecode.c.h; path = EmoPageView.h; sourceTree = "<group>"; };
		DAFBFCE91D3F55720031458B /* EmoPageView.m */ = {isa = PBXFileReference; fileEncoding = 4; lastKnownFileType = sourcecode.c.objc; path = EmoPageView.m; sourceTree = "<group>"; };
		DAFBFCEB1D3F55820031458B /* EmoView.xib */ = {isa = PBXFileReference; fileEncoding = 4; lastKnownFileType = file.xib; path = EmoView.xib; sourceTree = "<group>"; };
		DAFBFCEE1D3F5E550031458B /* emoji_01_01@2x.png */ = {isa = PBXFileReference; lastKnownFileType = image.png; path = "emoji_01_01@2x.png"; sourceTree = "<group>"; };
		DAFBFCEF1D3F5E550031458B /* emoji_01_02@2x.png */ = {isa = PBXFileReference; lastKnownFileType = image.png; path = "emoji_01_02@2x.png"; sourceTree = "<group>"; };
		DAFBFCF01D3F5E550031458B /* emoji_01_03@2x.png */ = {isa = PBXFileReference; lastKnownFileType = image.png; path = "emoji_01_03@2x.png"; sourceTree = "<group>"; };
		DAFBFCF11D3F5E550031458B /* emoji_01_04@2x.png */ = {isa = PBXFileReference; lastKnownFileType = image.png; path = "emoji_01_04@2x.png"; sourceTree = "<group>"; };
		DAFBFCF21D3F5E550031458B /* emoji_01_05@2x.png */ = {isa = PBXFileReference; lastKnownFileType = image.png; path = "emoji_01_05@2x.png"; sourceTree = "<group>"; };
		DAFBFCF31D3F5E550031458B /* emoji_01_06@2x.png */ = {isa = PBXFileReference; lastKnownFileType = image.png; path = "emoji_01_06@2x.png"; sourceTree = "<group>"; };
		DAFBFCF41D3F5E550031458B /* emoji_01_07@2x.png */ = {isa = PBXFileReference; lastKnownFileType = image.png; path = "emoji_01_07@2x.png"; sourceTree = "<group>"; };
		DAFBFCF51D3F5E550031458B /* emoji_01_08@2x.png */ = {isa = PBXFileReference; lastKnownFileType = image.png; path = "emoji_01_08@2x.png"; sourceTree = "<group>"; };
		DAFBFCF61D3F5E550031458B /* emoji_01_09@2x.png */ = {isa = PBXFileReference; lastKnownFileType = image.png; path = "emoji_01_09@2x.png"; sourceTree = "<group>"; };
		DAFBFCF71D3F5E550031458B /* emoji_01_10@2x.png */ = {isa = PBXFileReference; lastKnownFileType = image.png; path = "emoji_01_10@2x.png"; sourceTree = "<group>"; };
		DAFBFCF81D3F5E550031458B /* emoji_01_11@2x.png */ = {isa = PBXFileReference; lastKnownFileType = image.png; path = "emoji_01_11@2x.png"; sourceTree = "<group>"; };
		DAFBFCF91D3F5E550031458B /* emoji_01_12@2x.png */ = {isa = PBXFileReference; lastKnownFileType = image.png; path = "emoji_01_12@2x.png"; sourceTree = "<group>"; };
		DAFBFCFA1D3F5E550031458B /* emoji_02_01@2x.png */ = {isa = PBXFileReference; lastKnownFileType = image.png; path = "emoji_02_01@2x.png"; sourceTree = "<group>"; };
		DAFBFCFB1D3F5E550031458B /* emoji_02_02@2x.png */ = {isa = PBXFileReference; lastKnownFileType = image.png; path = "emoji_02_02@2x.png"; sourceTree = "<group>"; };
		DAFBFCFC1D3F5E550031458B /* emoji_02_03@2x.png */ = {isa = PBXFileReference; lastKnownFileType = image.png; path = "emoji_02_03@2x.png"; sourceTree = "<group>"; };
		DAFBFCFD1D3F5E550031458B /* emoji_02_04@2x.png */ = {isa = PBXFileReference; lastKnownFileType = image.png; path = "emoji_02_04@2x.png"; sourceTree = "<group>"; };
		DAFBFCFE1D3F5E550031458B /* emoji_02_05@2x.png */ = {isa = PBXFileReference; lastKnownFileType = image.png; path = "emoji_02_05@2x.png"; sourceTree = "<group>"; };
		DAFBFCFF1D3F5E550031458B /* emoji_02_06@2x.png */ = {isa = PBXFileReference; lastKnownFileType = image.png; path = "emoji_02_06@2x.png"; sourceTree = "<group>"; };
		DAFBFD001D3F5E550031458B /* emoji_02_07@2x.png */ = {isa = PBXFileReference; lastKnownFileType = image.png; path = "emoji_02_07@2x.png"; sourceTree = "<group>"; };
		DAFBFD011D3F5E550031458B /* emoji_02_08@2x.png */ = {isa = PBXFileReference; lastKnownFileType = image.png; path = "emoji_02_08@2x.png"; sourceTree = "<group>"; };
		DAFBFD021D3F5E550031458B /* emoji_03_01@2x.png */ = {isa = PBXFileReference; lastKnownFileType = image.png; path = "emoji_03_01@2x.png"; sourceTree = "<group>"; };
		DAFBFD031D3F5E550031458B /* emoji_03_02@2x.png */ = {isa = PBXFileReference; lastKnownFileType = image.png; path = "emoji_03_02@2x.png"; sourceTree = "<group>"; };
		DAFBFD041D3F5E550031458B /* emoji_03_03@2x.png */ = {isa = PBXFileReference; lastKnownFileType = image.png; path = "emoji_03_03@2x.png"; sourceTree = "<group>"; };
		DAFBFD051D3F5E550031458B /* emoji_03_04@2x.png */ = {isa = PBXFileReference; lastKnownFileType = image.png; path = "emoji_03_04@2x.png"; sourceTree = "<group>"; };
		DAFBFD061D3F5E550031458B /* emoji_03_05@2x.png */ = {isa = PBXFileReference; lastKnownFileType = image.png; path = "emoji_03_05@2x.png"; sourceTree = "<group>"; };
		DAFBFD071D3F5E550031458B /* emoji_03_06@2x.png */ = {isa = PBXFileReference; lastKnownFileType = image.png; path = "emoji_03_06@2x.png"; sourceTree = "<group>"; };
		DAFBFD081D3F5E550031458B /* emoji_03_07@2x.png */ = {isa = PBXFileReference; lastKnownFileType = image.png; path = "emoji_03_07@2x.png"; sourceTree = "<group>"; };
		DAFBFD091D3F5E550031458B /* emoji_03_08@2x.png */ = {isa = PBXFileReference; lastKnownFileType = image.png; path = "emoji_03_08@2x.png"; sourceTree = "<group>"; };
		DAFBFD0A1D3F5E550031458B /* emoji_03_09@2x.png */ = {isa = PBXFileReference; lastKnownFileType = image.png; path = "emoji_03_09@2x.png"; sourceTree = "<group>"; };
		DAFBFD0B1D3F5E550031458B /* emoji_03_10@2x.png */ = {isa = PBXFileReference; lastKnownFileType = image.png; path = "emoji_03_10@2x.png"; sourceTree = "<group>"; };
		DAFBFD0C1D3F5E550031458B /* emoji_03_11@2x.png */ = {isa = PBXFileReference; lastKnownFileType = image.png; path = "emoji_03_11@2x.png"; sourceTree = "<group>"; };
		DAFBFD0D1D3F5E550031458B /* emoji_03_12@2x.png */ = {isa = PBXFileReference; lastKnownFileType = image.png; path = "emoji_03_12@2x.png"; sourceTree = "<group>"; };
		DAFBFD0E1D3F5E550031458B /* emoji_04_01@2x.png */ = {isa = PBXFileReference; lastKnownFileType = image.png; path = "emoji_04_01@2x.png"; sourceTree = "<group>"; };
		DAFBFD0F1D3F5E550031458B /* emoji_04_02@2x.png */ = {isa = PBXFileReference; lastKnownFileType = image.png; path = "emoji_04_02@2x.png"; sourceTree = "<group>"; };
		DAFBFD101D3F5E550031458B /* emoji_04_03@2x.png */ = {isa = PBXFileReference; lastKnownFileType = image.png; path = "emoji_04_03@2x.png"; sourceTree = "<group>"; };
		DAFBFD111D3F5E550031458B /* emoji_04_04@2x.png */ = {isa = PBXFileReference; lastKnownFileType = image.png; path = "emoji_04_04@2x.png"; sourceTree = "<group>"; };
		DAFBFD121D3F5E550031458B /* emoji_04_05@2x.png */ = {isa = PBXFileReference; lastKnownFileType = image.png; path = "emoji_04_05@2x.png"; sourceTree = "<group>"; };
		DAFBFD131D3F5E550031458B /* emoji_04_06@2x.png */ = {isa = PBXFileReference; lastKnownFileType = image.png; path = "emoji_04_06@2x.png"; sourceTree = "<group>"; };
		DAFBFD141D3F5E550031458B /* emoji_04_07@2x.png */ = {isa = PBXFileReference; lastKnownFileType = image.png; path = "emoji_04_07@2x.png"; sourceTree = "<group>"; };
		DAFBFD151D3F5E550031458B /* emoji_04_08@2x.png */ = {isa = PBXFileReference; lastKnownFileType = image.png; path = "emoji_04_08@2x.png"; sourceTree = "<group>"; };
		DAFBFD161D3F5E550031458B /* emoji_04_09@2x.png */ = {isa = PBXFileReference; lastKnownFileType = image.png; path = "emoji_04_09@2x.png"; sourceTree = "<group>"; };
		DAFBFD171D3F5E550031458B /* emoji_04_10@2x.png */ = {isa = PBXFileReference; lastKnownFileType = image.png; path = "emoji_04_10@2x.png"; sourceTree = "<group>"; };
		DAFBFD181D3F5E550031458B /* emoji_04_11@2x.png */ = {isa = PBXFileReference; lastKnownFileType = image.png; path = "emoji_04_11@2x.png"; sourceTree = "<group>"; };
		DAFBFD191D3F5E550031458B /* emoji_04_12@2x.png */ = {isa = PBXFileReference; lastKnownFileType = image.png; path = "emoji_04_12@2x.png"; sourceTree = "<group>"; };
		DAFBFD1A1D3F5E550031458B /* emoji_05_01@2x.png */ = {isa = PBXFileReference; lastKnownFileType = image.png; path = "emoji_05_01@2x.png"; sourceTree = "<group>"; };
		DAFBFD1B1D3F5E550031458B /* emoji_05_02@2x.png */ = {isa = PBXFileReference; lastKnownFileType = image.png; path = "emoji_05_02@2x.png"; sourceTree = "<group>"; };
		DAFBFD1C1D3F5E550031458B /* emoji_05_03@2x.png */ = {isa = PBXFileReference; lastKnownFileType = image.png; path = "emoji_05_03@2x.png"; sourceTree = "<group>"; };
		DAFBFD1D1D3F5E550031458B /* emoji_05_04@2x.png */ = {isa = PBXFileReference; lastKnownFileType = image.png; path = "emoji_05_04@2x.png"; sourceTree = "<group>"; };
		DAFBFD1E1D3F5E550031458B /* emoji_05_05@2x.png */ = {isa = PBXFileReference; lastKnownFileType = image.png; path = "emoji_05_05@2x.png"; sourceTree = "<group>"; };
		DAFBFD1F1D3F5E550031458B /* emoji_05_06@2x.png */ = {isa = PBXFileReference; lastKnownFileType = image.png; path = "emoji_05_06@2x.png"; sourceTree = "<group>"; };
		DAFBFD201D3F5E550031458B /* emoji_05_07@2x.png */ = {isa = PBXFileReference; lastKnownFileType = image.png; path = "emoji_05_07@2x.png"; sourceTree = "<group>"; };
		DAFBFD211D3F5E550031458B /* emoji_05_08@2x.png */ = {isa = PBXFileReference; lastKnownFileType = image.png; path = "emoji_05_08@2x.png"; sourceTree = "<group>"; };
		DAFBFD221D3F5E550031458B /* emoji_05_09@2x.png */ = {isa = PBXFileReference; lastKnownFileType = image.png; path = "emoji_05_09@2x.png"; sourceTree = "<group>"; };
		DAFBFD231D3F5E550031458B /* emoji_05_10@2x.png */ = {isa = PBXFileReference; lastKnownFileType = image.png; path = "emoji_05_10@2x.png"; sourceTree = "<group>"; };
		DAFBFD241D3F5E550031458B /* emoji_05_11@2x.png */ = {isa = PBXFileReference; lastKnownFileType = image.png; path = "emoji_05_11@2x.png"; sourceTree = "<group>"; };
		DAFBFD251D3F5E550031458B /* emoji_05_12@2x.png */ = {isa = PBXFileReference; lastKnownFileType = image.png; path = "emoji_05_12@2x.png"; sourceTree = "<group>"; };
		DAFBFD261D3F5E550031458B /* emoji_06_01@2x.png */ = {isa = PBXFileReference; lastKnownFileType = image.png; path = "emoji_06_01@2x.png"; sourceTree = "<group>"; };
		DAFBFD271D3F5E550031458B /* emoji_06_02@2x.png */ = {isa = PBXFileReference; lastKnownFileType = image.png; path = "emoji_06_02@2x.png"; sourceTree = "<group>"; };
		DAFBFD281D3F5E550031458B /* emoji_06_03@2x.png */ = {isa = PBXFileReference; lastKnownFileType = image.png; path = "emoji_06_03@2x.png"; sourceTree = "<group>"; };
		DAFBFD291D3F5E550031458B /* emoji_06_04@2x.png */ = {isa = PBXFileReference; lastKnownFileType = image.png; path = "emoji_06_04@2x.png"; sourceTree = "<group>"; };
		DAFBFD2A1D3F5E550031458B /* emoji_06_05@2x.png */ = {isa = PBXFileReference; lastKnownFileType = image.png; path = "emoji_06_05@2x.png"; sourceTree = "<group>"; };
		DAFBFD2B1D3F5E550031458B /* emoji_06_06@2x.png */ = {isa = PBXFileReference; lastKnownFileType = image.png; path = "emoji_06_06@2x.png"; sourceTree = "<group>"; };
		DAFBFD2C1D3F5E550031458B /* emoji_06_07@2x.png */ = {isa = PBXFileReference; lastKnownFileType = image.png; path = "emoji_06_07@2x.png"; sourceTree = "<group>"; };
		DAFBFD2D1D3F5E550031458B /* emoji_06_08@2x.png */ = {isa = PBXFileReference; lastKnownFileType = image.png; path = "emoji_06_08@2x.png"; sourceTree = "<group>"; };
		DAFBFD2E1D3F5E550031458B /* emoji_06_09@2x.png */ = {isa = PBXFileReference; lastKnownFileType = image.png; path = "emoji_06_09@2x.png"; sourceTree = "<group>"; };
		DAFBFD2F1D3F5E550031458B /* emoji_06_10@2x.png */ = {isa = PBXFileReference; lastKnownFileType = image.png; path = "emoji_06_10@2x.png"; sourceTree = "<group>"; };
		DAFBFD301D3F5E550031458B /* emoji_06_11@2x.png */ = {isa = PBXFileReference; lastKnownFileType = image.png; path = "emoji_06_11@2x.png"; sourceTree = "<group>"; };
		DAFBFD311D3F5E550031458B /* emoji_06_12@2x.png */ = {isa = PBXFileReference; lastKnownFileType = image.png; path = "emoji_06_12@2x.png"; sourceTree = "<group>"; };
		DAFBFD321D3F5E550031458B /* emoji_07_01@2x.png */ = {isa = PBXFileReference; lastKnownFileType = image.png; path = "emoji_07_01@2x.png"; sourceTree = "<group>"; };
		DAFBFD331D3F5E550031458B /* emoji_07_02@2x.png */ = {isa = PBXFileReference; lastKnownFileType = image.png; path = "emoji_07_02@2x.png"; sourceTree = "<group>"; };
		DAFBFD341D3F5E550031458B /* emoji_07_03@2x.png */ = {isa = PBXFileReference; lastKnownFileType = image.png; path = "emoji_07_03@2x.png"; sourceTree = "<group>"; };
		DAFBFD351D3F5E550031458B /* emoji_07_04@2x.png */ = {isa = PBXFileReference; lastKnownFileType = image.png; path = "emoji_07_04@2x.png"; sourceTree = "<group>"; };
		DAFBFD361D3F5E550031458B /* emoji_07_05@2x.png */ = {isa = PBXFileReference; lastKnownFileType = image.png; path = "emoji_07_05@2x.png"; sourceTree = "<group>"; };
		DAFBFD371D3F5E550031458B /* emoji_07_06@2x.png */ = {isa = PBXFileReference; lastKnownFileType = image.png; path = "emoji_07_06@2x.png"; sourceTree = "<group>"; };
		DAFBFD381D3F5E550031458B /* emoji_07_07@2x.png */ = {isa = PBXFileReference; lastKnownFileType = image.png; path = "emoji_07_07@2x.png"; sourceTree = "<group>"; };
		DAFBFD391D3F5E550031458B /* emoji_07_08@2x.png */ = {isa = PBXFileReference; lastKnownFileType = image.png; path = "emoji_07_08@2x.png"; sourceTree = "<group>"; };
		DAFBFD3A1D3F5E550031458B /* emoji_07_09@2x.png */ = {isa = PBXFileReference; lastKnownFileType = image.png; path = "emoji_07_09@2x.png"; sourceTree = "<group>"; };
		DAFBFD3B1D3F5E550031458B /* emoji_07_10@2x.png */ = {isa = PBXFileReference; lastKnownFileType = image.png; path = "emoji_07_10@2x.png"; sourceTree = "<group>"; };
		DAFBFD3C1D3F5E550031458B /* emoji_07_11@2x.png */ = {isa = PBXFileReference; lastKnownFileType = image.png; path = "emoji_07_11@2x.png"; sourceTree = "<group>"; };
		DAFBFD3D1D3F5E550031458B /* emoji_07_12@2x.png */ = {isa = PBXFileReference; lastKnownFileType = image.png; path = "emoji_07_12@2x.png"; sourceTree = "<group>"; };
		DAFBFD3E1D3F5E550031458B /* emoji_08_01@2x.png */ = {isa = PBXFileReference; lastKnownFileType = image.png; path = "emoji_08_01@2x.png"; sourceTree = "<group>"; };
		DAFBFD3F1D3F5E550031458B /* emoji_08_02@2x.png */ = {isa = PBXFileReference; lastKnownFileType = image.png; path = "emoji_08_02@2x.png"; sourceTree = "<group>"; };
		DAFBFD401D3F5E550031458B /* emoji_08_03@2x.png */ = {isa = PBXFileReference; lastKnownFileType = image.png; path = "emoji_08_03@2x.png"; sourceTree = "<group>"; };
		DAFBFD411D3F5E550031458B /* emoji_08_04@2x.png */ = {isa = PBXFileReference; lastKnownFileType = image.png; path = "emoji_08_04@2x.png"; sourceTree = "<group>"; };
		DAFBFD421D3F5E550031458B /* emoji_08_05@2x.png */ = {isa = PBXFileReference; lastKnownFileType = image.png; path = "emoji_08_05@2x.png"; sourceTree = "<group>"; };
		DAFBFD431D3F5E550031458B /* emoji_08_06@2x.png */ = {isa = PBXFileReference; lastKnownFileType = image.png; path = "emoji_08_06@2x.png"; sourceTree = "<group>"; };
		DAFBFD441D3F5E550031458B /* emoji_08_07@2x.png */ = {isa = PBXFileReference; lastKnownFileType = image.png; path = "emoji_08_07@2x.png"; sourceTree = "<group>"; };
		DAFBFD451D3F5E550031458B /* emoji_08_08@2x.png */ = {isa = PBXFileReference; lastKnownFileType = image.png; path = "emoji_08_08@2x.png"; sourceTree = "<group>"; };
		DAFBFD461D3F5E550031458B /* emoji_08_09@2x.png */ = {isa = PBXFileReference; lastKnownFileType = image.png; path = "emoji_08_09@2x.png"; sourceTree = "<group>"; };
		DAFBFD471D3F5E550031458B /* emoji_08_10@2x.png */ = {isa = PBXFileReference; lastKnownFileType = image.png; path = "emoji_08_10@2x.png"; sourceTree = "<group>"; };
		DAFBFD481D3F5E550031458B /* emoji_08_11@2x.png */ = {isa = PBXFileReference; lastKnownFileType = image.png; path = "emoji_08_11@2x.png"; sourceTree = "<group>"; };
		DAFBFD491D3F5E550031458B /* emoji_08_12@2x.png */ = {isa = PBXFileReference; lastKnownFileType = image.png; path = "emoji_08_12@2x.png"; sourceTree = "<group>"; };
		DAFBFD4A1D3F5E550031458B /* emoji_08_13@2x.png */ = {isa = PBXFileReference; lastKnownFileType = image.png; path = "emoji_08_13@2x.png"; sourceTree = "<group>"; };
		DAFBFD4B1D3F5E550031458B /* emoji_08_14@2x.png */ = {isa = PBXFileReference; lastKnownFileType = image.png; path = "emoji_08_14@2x.png"; sourceTree = "<group>"; };
		DAFBFD4C1D3F5E550031458B /* emoji_08_15@2x.png */ = {isa = PBXFileReference; lastKnownFileType = image.png; path = "emoji_08_15@2x.png"; sourceTree = "<group>"; };
		DAFBFD4D1D3F5E550031458B /* emoji_08_16@2x.png */ = {isa = PBXFileReference; lastKnownFileType = image.png; path = "emoji_08_16@2x.png"; sourceTree = "<group>"; };
		DAFBFD4E1D3F5E550031458B /* emoji_08_17@2x.png */ = {isa = PBXFileReference; lastKnownFileType = image.png; path = "emoji_08_17@2x.png"; sourceTree = "<group>"; };
		DAFBFD4F1D3F5E550031458B /* emoji_08_18@2x.png */ = {isa = PBXFileReference; lastKnownFileType = image.png; path = "emoji_08_18@2x.png"; sourceTree = "<group>"; };
		DAFBFD501D3F5E550031458B /* emoji_08_19@2x.png */ = {isa = PBXFileReference; lastKnownFileType = image.png; path = "emoji_08_19@2x.png"; sourceTree = "<group>"; };
		DAFBFD511D3F5E550031458B /* emoji_08_20@2x.png */ = {isa = PBXFileReference; lastKnownFileType = image.png; path = "emoji_08_20@2x.png"; sourceTree = "<group>"; };
		DAFBFD521D3F5E550031458B /* emoji_off@2x.png */ = {isa = PBXFileReference; lastKnownFileType = image.png; path = "emoji_off@2x.png"; sourceTree = "<group>"; };
		DAFBFD531D3F5E550031458B /* emoji_on@2x.png */ = {isa = PBXFileReference; lastKnownFileType = image.png; path = "emoji_on@2x.png"; sourceTree = "<group>"; };
		DAFBFDBA1D3F727A0031458B /* EmoCollectionViewCell.h */ = {isa = PBXFileReference; fileEncoding = 4; lastKnownFileType = sourcecode.c.h; path = EmoCollectionViewCell.h; sourceTree = "<group>"; };
		DAFBFDBB1D3F727A0031458B /* EmoCollectionViewCell.m */ = {isa = PBXFileReference; fileEncoding = 4; lastKnownFileType = sourcecode.c.objc; path = EmoCollectionViewCell.m; sourceTree = "<group>"; };
		DAFBFDBD1D3F72BD0031458B /* EmoCell.xib */ = {isa = PBXFileReference; fileEncoding = 4; lastKnownFileType = file.xib; path = EmoCell.xib; sourceTree = "<group>"; };
/* End PBXFileReference section */

/* Begin PBXFrameworksBuildPhase section */
		DAF680D31D3F4D9800767779 /* Frameworks */ = {
			isa = PBXFrameworksBuildPhase;
			buildActionMask = 2147483647;
			files = (
			);
			runOnlyForDeploymentPostprocessing = 0;
		};
		DAF680EC1D3F4D9800767779 /* Frameworks */ = {
			isa = PBXFrameworksBuildPhase;
			buildActionMask = 2147483647;
			files = (
			);
			runOnlyForDeploymentPostprocessing = 0;
		};
		DAF680F71D3F4D9800767779 /* Frameworks */ = {
			isa = PBXFrameworksBuildPhase;
			buildActionMask = 2147483647;
			files = (
			);
			runOnlyForDeploymentPostprocessing = 0;
		};
/* End PBXFrameworksBuildPhase section */

/* Begin PBXGroup section */
		DAF680CD1D3F4D9800767779 = {
			isa = PBXGroup;
			children = (
				DAF6810C1D3F4E2A00767779 /* Demo */,
				DAF680D81D3F4D9800767779 /* CSImojiKeyboard */,
				DAF680F21D3F4D9800767779 /* CSImojiKeyboardTests */,
				DAF680FD1D3F4D9800767779 /* CSImojiKeyboardUITests */,
				DAF680D71D3F4D9800767779 /* Products */,
			);
			sourceTree = "<group>";
		};
		DAF680D71D3F4D9800767779 /* Products */ = {
			isa = PBXGroup;
			children = (
				DAF680D61D3F4D9800767779 /* CSImojiKeyboard.app */,
				DAF680EF1D3F4D9800767779 /* CSImojiKeyboardTests.xctest */,
				DAF680FA1D3F4D9800767779 /* CSImojiKeyboardUITests.xctest */,
			);
			name = Products;
			sourceTree = "<group>";
		};
		DAF680D81D3F4D9800767779 /* CSImojiKeyboard */ = {
			isa = PBXGroup;
			children = (
				DAFBFCE81D3F55720031458B /* EmoPageView.h */,
				DAFBFCE91D3F55720031458B /* EmoPageView.m */,
				DAFBFDBA1D3F727A0031458B /* EmoCollectionViewCell.h */,
				DAFBFDBB1D3F727A0031458B /* EmoCollectionViewCell.m */,
				DAFBFCEB1D3F55820031458B /* EmoView.xib */,
				DAFBFDBD1D3F72BD0031458B /* EmoCell.xib */,
			);
			path = CSImojiKeyboard;
			sourceTree = "<group>";
		};
		DAF680D91D3F4D9800767779 /* Supporting Files */ = {
			isa = PBXGroup;
			children = (
				DAF680DA1D3F4D9800767779 /* main.m */,
			);
			name = "Supporting Files";
			path = CSImojiKeyboard;
			sourceTree = "<group>";
		};
		DAF680F21D3F4D9800767779 /* CSImojiKeyboardTests */ = {
			isa = PBXGroup;
			children = (
				DAF680F31D3F4D9800767779 /* CSImojiKeyboardTests.m */,
				DAF680F51D3F4D9800767779 /* Info.plist */,
			);
			path = CSImojiKeyboardTests;
			sourceTree = "<group>";
		};
		DAF680FD1D3F4D9800767779 /* CSImojiKeyboardUITests */ = {
			isa = PBXGroup;
			children = (
				DAF680FE1D3F4D9800767779 /* CSImojiKeyboardUITests.m */,
				DAF681001D3F4D9800767779 /* Info.plist */,
			);
			path = CSImojiKeyboardUITests;
			sourceTree = "<group>";
		};
		DAF6810C1D3F4E2A00767779 /* Demo */ = {
			isa = PBXGroup;
			children = (
				DAFBFCED1D3F5A100031458B /* images */,
				DAF680DC1D3F4D9800767779 /* AppDelegate.h */,
				DAF680DD1D3F4D9800767779 /* AppDelegate.m */,
				DAF680DF1D3F4D9800767779 /* ViewController.h */,
				DAF680E01D3F4D9800767779 /* ViewController.m */,
				DAF680E21D3F4D9800767779 /* Main.storyboard */,
				DAF680E51D3F4D9800767779 /* Assets.xcassets */,
				DAF680E71D3F4D9800767779 /* LaunchScreen.storyboard */,
				DAF680EA1D3F4D9800767779 /* Info.plist */,
				DAF680D91D3F4D9800767779 /* Supporting Files */,
			);
			name = Demo;
			sourceTree = "<group>";
		};
		DAFBFCED1D3F5A100031458B /* images */ = {
			isa = PBXGroup;
			children = (
				DAFBFCEE1D3F5E550031458B /* emoji_01_01@2x.png */,
				DAFBFCEF1D3F5E550031458B /* emoji_01_02@2x.png */,
				DAFBFCF01D3F5E550031458B /* emoji_01_03@2x.png */,
				DAFBFCF11D3F5E550031458B /* emoji_01_04@2x.png */,
				DAFBFCF21D3F5E550031458B /* emoji_01_05@2x.png */,
				DAFBFCF31D3F5E550031458B /* emoji_01_06@2x.png */,
				DAFBFCF41D3F5E550031458B /* emoji_01_07@2x.png */,
				DAFBFCF51D3F5E550031458B /* emoji_01_08@2x.png */,
				DAFBFCF61D3F5E550031458B /* emoji_01_09@2x.png */,
				DAFBFCF71D3F5E550031458B /* emoji_01_10@2x.png */,
				DAFBFCF81D3F5E550031458B /* emoji_01_11@2x.png */,
				DAFBFCF91D3F5E550031458B /* emoji_01_12@2x.png */,
				DAFBFCFA1D3F5E550031458B /* emoji_02_01@2x.png */,
				DAFBFCFB1D3F5E550031458B /* emoji_02_02@2x.png */,
				DAFBFCFC1D3F5E550031458B /* emoji_02_03@2x.png */,
				DAFBFCFD1D3F5E550031458B /* emoji_02_04@2x.png */,
				DAFBFCFE1D3F5E550031458B /* emoji_02_05@2x.png */,
				DAFBFCFF1D3F5E550031458B /* emoji_02_06@2x.png */,
				DAFBFD001D3F5E550031458B /* emoji_02_07@2x.png */,
				DAFBFD011D3F5E550031458B /* emoji_02_08@2x.png */,
				DAFBFD021D3F5E550031458B /* emoji_03_01@2x.png */,
				DAFBFD031D3F5E550031458B /* emoji_03_02@2x.png */,
				DAFBFD041D3F5E550031458B /* emoji_03_03@2x.png */,
				DAFBFD051D3F5E550031458B /* emoji_03_04@2x.png */,
				DAFBFD061D3F5E550031458B /* emoji_03_05@2x.png */,
				DAFBFD071D3F5E550031458B /* emoji_03_06@2x.png */,
				DAFBFD081D3F5E550031458B /* emoji_03_07@2x.png */,
				DAFBFD091D3F5E550031458B /* emoji_03_08@2x.png */,
				DAFBFD0A1D3F5E550031458B /* emoji_03_09@2x.png */,
				DAFBFD0B1D3F5E550031458B /* emoji_03_10@2x.png */,
				DAFBFD0C1D3F5E550031458B /* emoji_03_11@2x.png */,
				DAFBFD0D1D3F5E550031458B /* emoji_03_12@2x.png */,
				DAFBFD0E1D3F5E550031458B /* emoji_04_01@2x.png */,
				DAFBFD0F1D3F5E550031458B /* emoji_04_02@2x.png */,
				DAFBFD101D3F5E550031458B /* emoji_04_03@2x.png */,
				DAFBFD111D3F5E550031458B /* emoji_04_04@2x.png */,
				DAFBFD121D3F5E550031458B /* emoji_04_05@2x.png */,
				DAFBFD131D3F5E550031458B /* emoji_04_06@2x.png */,
				DAFBFD141D3F5E550031458B /* emoji_04_07@2x.png */,
				DAFBFD151D3F5E550031458B /* emoji_04_08@2x.png */,
				DAFBFD161D3F5E550031458B /* emoji_04_09@2x.png */,
				DAFBFD171D3F5E550031458B /* emoji_04_10@2x.png */,
				DAFBFD181D3F5E550031458B /* emoji_04_11@2x.png */,
				DAFBFD191D3F5E550031458B /* emoji_04_12@2x.png */,
				DAFBFD1A1D3F5E550031458B /* emoji_05_01@2x.png */,
				DAFBFD1B1D3F5E550031458B /* emoji_05_02@2x.png */,
				DAFBFD1C1D3F5E550031458B /* emoji_05_03@2x.png */,
				DAFBFD1D1D3F5E550031458B /* emoji_05_04@2x.png */,
				DAFBFD1E1D3F5E550031458B /* emoji_05_05@2x.png */,
				DAFBFD1F1D3F5E550031458B /* emoji_05_06@2x.png */,
				DAFBFD201D3F5E550031458B /* emoji_05_07@2x.png */,
				DAFBFD211D3F5E550031458B /* emoji_05_08@2x.png */,
				DAFBFD221D3F5E550031458B /* emoji_05_09@2x.png */,
				DAFBFD231D3F5E550031458B /* emoji_05_10@2x.png */,
				DAFBFD241D3F5E550031458B /* emoji_05_11@2x.png */,
				DAFBFD251D3F5E550031458B /* emoji_05_12@2x.png */,
				DAFBFD261D3F5E550031458B /* emoji_06_01@2x.png */,
				DAFBFD271D3F5E550031458B /* emoji_06_02@2x.png */,
				DAFBFD281D3F5E550031458B /* emoji_06_03@2x.png */,
				DAFBFD291D3F5E550031458B /* emoji_06_04@2x.png */,
				DAFBFD2A1D3F5E550031458B /* emoji_06_05@2x.png */,
				DAFBFD2B1D3F5E550031458B /* emoji_06_06@2x.png */,
				DAFBFD2C1D3F5E550031458B /* emoji_06_07@2x.png */,
				DAFBFD2D1D3F5E550031458B /* emoji_06_08@2x.png */,
				DAFBFD2E1D3F5E550031458B /* emoji_06_09@2x.png */,
				DAFBFD2F1D3F5E550031458B /* emoji_06_10@2x.png */,
				DAFBFD301D3F5E550031458B /* emoji_06_11@2x.png */,
				DAFBFD311D3F5E550031458B /* emoji_06_12@2x.png */,
				DAFBFD321D3F5E550031458B /* emoji_07_01@2x.png */,
				DAFBFD331D3F5E550031458B /* emoji_07_02@2x.png */,
				DAFBFD341D3F5E550031458B /* emoji_07_03@2x.png */,
				DAFBFD351D3F5E550031458B /* emoji_07_04@2x.png */,
				DAFBFD361D3F5E550031458B /* emoji_07_05@2x.png */,
				DAFBFD371D3F5E550031458B /* emoji_07_06@2x.png */,
				DAFBFD381D3F5E550031458B /* emoji_07_07@2x.png */,
				DAFBFD391D3F5E550031458B /* emoji_07_08@2x.png */,
				DAFBFD3A1D3F5E550031458B /* emoji_07_09@2x.png */,
				DAFBFD3B1D3F5E550031458B /* emoji_07_10@2x.png */,
				DAFBFD3C1D3F5E550031458B /* emoji_07_11@2x.png */,
				DAFBFD3D1D3F5E550031458B /* emoji_07_12@2x.png */,
				DAFBFD3E1D3F5E550031458B /* emoji_08_01@2x.png */,
				DAFBFD3F1D3F5E550031458B /* emoji_08_02@2x.png */,
				DAFBFD401D3F5E550031458B /* emoji_08_03@2x.png */,
				DAFBFD411D3F5E550031458B /* emoji_08_04@2x.png */,
				DAFBFD421D3F5E550031458B /* emoji_08_05@2x.png */,
				DAFBFD431D3F5E550031458B /* emoji_08_06@2x.png */,
				DAFBFD441D3F5E550031458B /* emoji_08_07@2x.png */,
				DAFBFD451D3F5E550031458B /* emoji_08_08@2x.png */,
				DAFBFD461D3F5E550031458B /* emoji_08_09@2x.png */,
				DAFBFD471D3F5E550031458B /* emoji_08_10@2x.png */,
				DAFBFD481D3F5E550031458B /* emoji_08_11@2x.png */,
				DAFBFD491D3F5E550031458B /* emoji_08_12@2x.png */,
				DAFBFD4A1D3F5E550031458B /* emoji_08_13@2x.png */,
				DAFBFD4B1D3F5E550031458B /* emoji_08_14@2x.png */,
				DAFBFD4C1D3F5E550031458B /* emoji_08_15@2x.png */,
				DAFBFD4D1D3F5E550031458B /* emoji_08_16@2x.png */,
				DAFBFD4E1D3F5E550031458B /* emoji_08_17@2x.png */,
				DAFBFD4F1D3F5E550031458B /* emoji_08_18@2x.png */,
				DAFBFD501D3F5E550031458B /* emoji_08_19@2x.png */,
				DAFBFD511D3F5E550031458B /* emoji_08_20@2x.png */,
				DAFBFD521D3F5E550031458B /* emoji_off@2x.png */,
				DAFBFD531D3F5E550031458B /* emoji_on@2x.png */,
			);
			name = images;
			sourceTree = "<group>";
		};
/* End PBXGroup section */

/* Begin PBXNativeTarget section */
		DAF680D51D3F4D9800767779 /* CSImojiKeyboard */ = {
			isa = PBXNativeTarget;
			buildConfigurationList = DAF681031D3F4D9800767779 /* Build configuration list for PBXNativeTarget "CSImojiKeyboard" */;
			buildPhases = (
				DAF680D21D3F4D9800767779 /* Sources */,
				DAF680D31D3F4D9800767779 /* Frameworks */,
				DAF680D41D3F4D9800767779 /* Resources */,
			);
			buildRules = (
			);
			dependencies = (
			);
			name = CSImojiKeyboard;
			productName = CSImojiKeyboard;
			productReference = DAF680D61D3F4D9800767779 /* CSImojiKeyboard.app */;
			productType = "com.apple.product-type.application";
		};
		DAF680EE1D3F4D9800767779 /* CSImojiKeyboardTests */ = {
			isa = PBXNativeTarget;
			buildConfigurationList = DAF681061D3F4D9800767779 /* Build configuration list for PBXNativeTarget "CSImojiKeyboardTests" */;
			buildPhases = (
				DAF680EB1D3F4D9800767779 /* Sources */,
				DAF680EC1D3F4D9800767779 /* Frameworks */,
				DAF680ED1D3F4D9800767779 /* Resources */,
			);
			buildRules = (
			);
			dependencies = (
				DAF680F11D3F4D9800767779 /* PBXTargetDependency */,
			);
			name = CSImojiKeyboardTests;
			productName = CSImojiKeyboardTests;
			productReference = DAF680EF1D3F4D9800767779 /* CSImojiKeyboardTests.xctest */;
			productType = "com.apple.product-type.bundle.unit-test";
		};
		DAF680F91D3F4D9800767779 /* CSImojiKeyboardUITests */ = {
			isa = PBXNativeTarget;
			buildConfigurationList = DAF681091D3F4D9800767779 /* Build configuration list for PBXNativeTarget "CSImojiKeyboardUITests" */;
			buildPhases = (
				DAF680F61D3F4D9800767779 /* Sources */,
				DAF680F71D3F4D9800767779 /* Frameworks */,
				DAF680F81D3F4D9800767779 /* Resources */,
			);
			buildRules = (
			);
			dependencies = (
				DAF680FC1D3F4D9800767779 /* PBXTargetDependency */,
			);
			name = CSImojiKeyboardUITests;
			productName = CSImojiKeyboardUITests;
			productReference = DAF680FA1D3F4D9800767779 /* CSImojiKeyboardUITests.xctest */;
			productType = "com.apple.product-type.bundle.ui-testing";
		};
/* End PBXNativeTarget section */

/* Begin PBXProject section */
		DAF680CE1D3F4D9800767779 /* Project object */ = {
			isa = PBXProject;
			attributes = {
				LastUpgradeCheck = 0720;
				ORGANIZATIONNAME = Elenore;
				TargetAttributes = {
					DAF680D51D3F4D9800767779 = {
						CreatedOnToolsVersion = 7.2.1;
					};
					DAF680EE1D3F4D9800767779 = {
						CreatedOnToolsVersion = 7.2.1;
						TestTargetID = DAF680D51D3F4D9800767779;
					};
					DAF680F91D3F4D9800767779 = {
						CreatedOnToolsVersion = 7.2.1;
						TestTargetID = DAF680D51D3F4D9800767779;
					};
				};
			};
			buildConfigurationList = DAF680D11D3F4D9800767779 /* Build configuration list for PBXProject "CSImojiKeyboard" */;
			compatibilityVersion = "Xcode 3.2";
			developmentRegion = English;
			hasScannedForEncodings = 0;
			knownRegions = (
				en,
				Base,
			);
			mainGroup = DAF680CD1D3F4D9800767779;
			productRefGroup = DAF680D71D3F4D9800767779 /* Products */;
			projectDirPath = "";
			projectRoot = "";
			targets = (
				DAF680D51D3F4D9800767779 /* CSImojiKeyboard */,
				DAF680EE1D3F4D9800767779 /* CSImojiKeyboardTests */,
				DAF680F91D3F4D9800767779 /* CSImojiKeyboardUITests */,
			);
		};
/* End PBXProject section */

/* Begin PBXResourcesBuildPhase section */
		DAF680D41D3F4D9800767779 /* Resources */ = {
			isa = PBXResourcesBuildPhase;
			buildActionMask = 2147483647;
			files = (
				DAFBFD6C1D3F5E550031458B /* emoji_03_05@2x.png in Resources */,
				DAFBFD691D3F5E550031458B /* emoji_03_02@2x.png in Resources */,
				DAF680E91D3F4D9800767779 /* LaunchScreen.storyboard in Resources */,
				DAFBFD701D3F5E550031458B /* emoji_03_09@2x.png in Resources */,
				DAFBFD861D3F5E550031458B /* emoji_05_07@2x.png in Resources */,
				DAFBFD8B1D3F5E550031458B /* emoji_05_12@2x.png in Resources */,
				DAFBFD9A1D3F5E550031458B /* emoji_07_03@2x.png in Resources */,
				DAFBFD651D3F5E550031458B /* emoji_02_06@2x.png in Resources */,
				DAFBFD751D3F5E550031458B /* emoji_04_02@2x.png in Resources */,
				DAFBFDA41D3F5E550031458B /* emoji_08_01@2x.png in Resources */,
				DAFBFD851D3F5E550031458B /* emoji_05_06@2x.png in Resources */,
				DAFBFD721D3F5E550031458B /* emoji_03_11@2x.png in Resources */,
				DAFBFD601D3F5E550031458B /* emoji_02_01@2x.png in Resources */,
				DAFBFD8F1D3F5E550031458B /* emoji_06_04@2x.png in Resources */,
				DAFBFD581D3F5E550031458B /* emoji_01_05@2x.png in Resources */,
				DAFBFD911D3F5E550031458B /* emoji_06_06@2x.png in Resources */,
				DAFBFD781D3F5E550031458B /* emoji_04_05@2x.png in Resources */,
				DAFBFDA51D3F5E550031458B /* emoji_08_02@2x.png in Resources */,
				DAFBFD9B1D3F5E550031458B /* emoji_07_04@2x.png in Resources */,
				DAFBFD811D3F5E550031458B /* emoji_05_02@2x.png in Resources */,
				DAFBFD7C1D3F5E550031458B /* emoji_04_09@2x.png in Resources */,
				DAFBFDB41D3F5E550031458B /* emoji_08_17@2x.png in Resources */,
				DAFBFD7E1D3F5E550031458B /* emoji_04_11@2x.png in Resources */,
				DAFBFD961D3F5E550031458B /* emoji_06_11@2x.png in Resources */,
				DAFBFCEC1D3F55820031458B /* EmoView.xib in Resources */,
				DAFBFD681D3F5E550031458B /* emoji_03_01@2x.png in Resources */,
				DAFBFD5E1D3F5E550031458B /* emoji_01_11@2x.png in Resources */,
				DAFBFD8D1D3F5E550031458B /* emoji_06_02@2x.png in Resources */,
				DAFBFD8E1D3F5E550031458B /* emoji_06_03@2x.png in Resources */,
				DAFBFD6A1D3F5E550031458B /* emoji_03_03@2x.png in Resources */,
				DAFBFD5A1D3F5E550031458B /* emoji_01_07@2x.png in Resources */,
				DAFBFD741D3F5E550031458B /* emoji_04_01@2x.png in Resources */,
				DAFBFD5F1D3F5E550031458B /* emoji_01_12@2x.png in Resources */,
				DAFBFDB81D3F5E550031458B /* emoji_off@2x.png in Resources */,
				DAFBFD7B1D3F5E550031458B /* emoji_04_08@2x.png in Resources */,
				DAFBFD6F1D3F5E550031458B /* emoji_03_08@2x.png in Resources */,
				DAFBFD8A1D3F5E550031458B /* emoji_05_11@2x.png in Resources */,
				DAFBFD771D3F5E550031458B /* emoji_04_04@2x.png in Resources */,
				DAFBFDAD1D3F5E550031458B /* emoji_08_10@2x.png in Resources */,
				DAFBFDA81D3F5E550031458B /* emoji_08_05@2x.png in Resources */,
				DAFBFDAA1D3F5E550031458B /* emoji_08_07@2x.png in Resources */,
				DAFBFDAE1D3F5E550031458B /* emoji_08_11@2x.png in Resources */,
				DAFBFD5C1D3F5E550031458B /* emoji_01_09@2x.png in Resources */,
				DAFBFD551D3F5E550031458B /* emoji_01_02@2x.png in Resources */,
				DAFBFD941D3F5E550031458B /* emoji_06_09@2x.png in Resources */,
				DAFBFD821D3F5E550031458B /* emoji_05_03@2x.png in Resources */,
				DAFBFDAF1D3F5E550031458B /* emoji_08_12@2x.png in Resources */,
				DAFBFD621D3F5E550031458B /* emoji_02_03@2x.png in Resources */,
				DAFBFD891D3F5E550031458B /* emoji_05_10@2x.png in Resources */,
				DAF680E61D3F4D9800767779 /* Assets.xcassets in Resources */,
				DAFBFDA61D3F5E550031458B /* emoji_08_03@2x.png in Resources */,
				DAFBFD921D3F5E550031458B /* emoji_06_07@2x.png in Resources */,
				DAFBFDB61D3F5E550031458B /* emoji_08_19@2x.png in Resources */,
				DAFBFD761D3F5E550031458B /* emoji_04_03@2x.png in Resources */,
				DAFBFD731D3F5E550031458B /* emoji_03_12@2x.png in Resources */,
				DAFBFD971D3F5E550031458B /* emoji_06_12@2x.png in Resources */,
				DAFBFD5D1D3F5E550031458B /* emoji_01_10@2x.png in Resources */,
				DAFBFD6B1D3F5E550031458B /* emoji_03_04@2x.png in Resources */,
				DAFBFD801D3F5E550031458B /* emoji_05_01@2x.png in Resources */,
				DAFBFDAC1D3F5E550031458B /* emoji_08_09@2x.png in Resources */,
				DAFBFD951D3F5E550031458B /* emoji_06_10@2x.png in Resources */,
				DAFBFD5B1D3F5E550031458B /* emoji_01_08@2x.png in Resources */,
				DAFBFDA71D3F5E550031458B /* emoji_08_04@2x.png in Resources */,
				DAFBFD561D3F5E550031458B /* emoji_01_03@2x.png in Resources */,
				DAFBFDAB1D3F5E550031458B /* emoji_08_08@2x.png in Resources */,
				DAFBFD591D3F5E550031458B /* emoji_01_06@2x.png in Resources */,
				DAFBFD881D3F5E550031458B /* emoji_05_09@2x.png in Resources */,
				DAFBFD631D3F5E550031458B /* emoji_02_04@2x.png in Resources */,
				DAFBFD661D3F5E550031458B /* emoji_02_07@2x.png in Resources */,
				DAFBFDA31D3F5E550031458B /* emoji_07_12@2x.png in Resources */,
				DAFBFD901D3F5E550031458B /* emoji_06_05@2x.png in Resources */,
				DAFBFDB11D3F5E550031458B /* emoji_08_14@2x.png in Resources */,
				DAFBFD991D3F5E550031458B /* emoji_07_02@2x.png in Resources */,
				DAFBFDA91D3F5E550031458B /* emoji_08_06@2x.png in Resources */,
				DAFBFDB91D3F5E550031458B /* emoji_on@2x.png in Resources */,
				DAFBFD541D3F5E550031458B /* emoji_01_01@2x.png in Resources */,
				DAFBFDA01D3F5E550031458B /* emoji_07_09@2x.png in Resources */,
				DAFBFD7A1D3F5E550031458B /* emoji_04_07@2x.png in Resources */,
				DAFBFD671D3F5E550031458B /* emoji_02_08@2x.png in Resources */,
				DAFBFD641D3F5E550031458B /* emoji_02_05@2x.png in Resources */,
				DAFBFDB21D3F5E550031458B /* emoji_08_15@2x.png in Resources */,
				DAFBFD831D3F5E550031458B /* emoji_05_04@2x.png in Resources */,
				DAFBFD841D3F5E550031458B /* emoji_05_05@2x.png in Resources */,
				DAFBFD571D3F5E550031458B /* emoji_01_04@2x.png in Resources */,
				DAFBFD9F1D3F5E550031458B /* emoji_07_08@2x.png in Resources */,
				DAFBFD981D3F5E550031458B /* emoji_07_01@2x.png in Resources */,
				DAFBFD7F1D3F5E550031458B /* emoji_04_12@2x.png in Resources */,
				DAFBFD9C1D3F5E550031458B /* emoji_07_05@2x.png in Resources */,
				DAFBFD711D3F5E550031458B /* emoji_03_10@2x.png in Resources */,
				DAFBFD9D1D3F5E550031458B /* emoji_07_06@2x.png in Resources */,
				DAF680E41D3F4D9800767779 /* Main.storyboard in Resources */,
				DAFBFD6E1D3F5E550031458B /* emoji_03_07@2x.png in Resources */,
				DAFBFDB31D3F5E550031458B /* emoji_08_16@2x.png in Resources */,
				DAFBFDB51D3F5E550031458B /* emoji_08_18@2x.png in Resources */,
				DAFBFDA11D3F5E550031458B /* emoji_07_10@2x.png in Resources */,
				DAFBFD7D1D3F5E550031458B /* emoji_04_10@2x.png in Resources */,
				DAFBFDBE1D3F72BD0031458B /* EmoCell.xib in Resources */,
				DAFBFD6D1D3F5E550031458B /* emoji_03_06@2x.png in Resources */,
				DAFBFDB01D3F5E550031458B /* emoji_08_13@2x.png in Resources */,
				DAFBFD931D3F5E550031458B /* emoji_06_08@2x.png in Resources */,
				DAFBFD611D3F5E550031458B /* emoji_02_02@2x.png in Resources */,
				DAFBFD8C1D3F5E550031458B /* emoji_06_01@2x.png in Resources */,
				DAFBFDB71D3F5E550031458B /* emoji_08_20@2x.png in Resources */,
				DAFBFD9E1D3F5E550031458B /* emoji_07_07@2x.png in Resources */,
				DAFBFD871D3F5E550031458B /* emoji_05_08@2x.png in Resources */,
				DAFBFD791D3F5E550031458B /* emoji_04_06@2x.png in Resources */,
				DAFBFDA21D3F5E550031458B /* emoji_07_11@2x.png in Resources */,
			);
			runOnlyForDeploymentPostprocessing = 0;
		};
		DAF680ED1D3F4D9800767779 /* Resources */ = {
			isa = PBXResourcesBuildPhase;
			buildActionMask = 2147483647;
			files = (
			);
			runOnlyForDeploymentPostprocessing = 0;
		};
		DAF680F81D3F4D9800767779 /* Resources */ = {
			isa = PBXResourcesBuildPhase;
			buildActionMask = 2147483647;
			files = (
			);
			runOnlyForDeploymentPostprocessing = 0;
		};
/* End PBXResourcesBuildPhase section */

/* Begin PBXSourcesBuildPhase section */
		DAF680D21D3F4D9800767779 /* Sources */ = {
			isa = PBXSourcesBuildPhase;
			buildActionMask = 2147483647;
			files = (
				DAFBFDBC1D3F727A0031458B /* EmoCollectionViewCell.m in Sources */,
				DAF680E11D3F4D9800767779 /* ViewController.m in Sources */,
				DAF680DE1D3F4D9800767779 /* AppDelegate.m in Sources */,
				DAF680DB1D3F4D9800767779 /* main.m in Sources */,
				DAFBFCEA1D3F55720031458B /* EmoPageView.m in Sources */,
			);
			runOnlyForDeploymentPostprocessing = 0;
		};
		DAF680EB1D3F4D9800767779 /* Sources */ = {
			isa = PBXSourcesBuildPhase;
			buildActionMask = 2147483647;
			files = (
				DAF680F41D3F4D9800767779 /* CSImojiKeyboardTests.m in Sources */,
			);
			runOnlyForDeploymentPostprocessing = 0;
		};
		DAF680F61D3F4D9800767779 /* Sources */ = {
			isa = PBXSourcesBuildPhase;
			buildActionMask = 2147483647;
			files = (
				DAF680FF1D3F4D9800767779 /* CSImojiKeyboardUITests.m in Sources */,
			);
			runOnlyForDeploymentPostprocessing = 0;
		};
/* End PBXSourcesBuildPhase section */

/* Begin PBXTargetDependency section */
		DAF680F11D3F4D9800767779 /* PBXTargetDependency */ = {
			isa = PBXTargetDependency;
			target = DAF680D51D3F4D9800767779 /* CSImojiKeyboard */;
			targetProxy = DAF680F01D3F4D9800767779 /* PBXContainerItemProxy */;
		};
		DAF680FC1D3F4D9800767779 /* PBXTargetDependency */ = {
			isa = PBXTargetDependency;
			target = DAF680D51D3F4D9800767779 /* CSImojiKeyboard */;
			targetProxy = DAF680FB1D3F4D9800767779 /* PBXContainerItemProxy */;
		};
/* End PBXTargetDependency section */

/* Begin PBXVariantGroup section */
		DAF680E21D3F4D9800767779 /* Main.storyboard */ = {
			isa = PBXVariantGroup;
			children = (
				DAF680E31D3F4D9800767779 /* Base */,
			);
			name = Main.storyboard;
			path = CSImojiKeyboard;
			sourceTree = "<group>";
		};
		DAF680E71D3F4D9800767779 /* LaunchScreen.storyboard */ = {
			isa = PBXVariantGroup;
			children = (
				DAF680E81D3F4D9800767779 /* Base */,
			);
			name = LaunchScreen.storyboard;
			path = CSImojiKeyboard;
			sourceTree = "<group>";
		};
/* End PBXVariantGroup section */

/* Begin XCBuildConfiguration section */
		DAF681011D3F4D9800767779 /* Debug */ = {
			isa = XCBuildConfiguration;
			buildSettings = {
				ALWAYS_SEARCH_USER_PATHS = NO;
				CLANG_CXX_LANGUAGE_STANDARD = "gnu++0x";
				CLANG_CXX_LIBRARY = "libc++";
				CLANG_ENABLE_MODULES = YES;
				CLANG_ENABLE_OBJC_ARC = YES;
				CLANG_WARN_BOOL_CONVERSION = YES;
				CLANG_WARN_CONSTANT_CONVERSION = YES;
				CLANG_WARN_DIRECT_OBJC_ISA_USAGE = YES_ERROR;
				CLANG_WARN_EMPTY_BODY = YES;
				CLANG_WARN_ENUM_CONVERSION = YES;
				CLANG_WARN_INT_CONVERSION = YES;
				CLANG_WARN_OBJC_ROOT_CLASS = YES_ERROR;
				CLANG_WARN_UNREACHABLE_CODE = YES;
				CLANG_WARN__DUPLICATE_METHOD_MATCH = YES;
				"CODE_SIGN_IDENTITY[sdk=iphoneos*]" = "iPhone Developer";
				COPY_PHASE_STRIP = NO;
				DEBUG_INFORMATION_FORMAT = dwarf;
				ENABLE_STRICT_OBJC_MSGSEND = YES;
				ENABLE_TESTABILITY = YES;
				GCC_C_LANGUAGE_STANDARD = gnu99;
				GCC_DYNAMIC_NO_PIC = NO;
				GCC_NO_COMMON_BLOCKS = YES;
				GCC_OPTIMIZATION_LEVEL = 0;
				GCC_PREPROCESSOR_DEFINITIONS = (
					"DEBUG=1",
					"$(inherited)",
				);
				GCC_WARN_64_TO_32_BIT_CONVERSION = YES;
				GCC_WARN_ABOUT_RETURN_TYPE = YES_ERROR;
				GCC_WARN_UNDECLARED_SELECTOR = YES;
				GCC_WARN_UNINITIALIZED_AUTOS = YES_AGGRESSIVE;
				GCC_WARN_UNUSED_FUNCTION = YES;
				GCC_WARN_UNUSED_VARIABLE = YES;
				IPHONEOS_DEPLOYMENT_TARGET = 9.2;
				MTL_ENABLE_DEBUG_INFO = YES;
				ONLY_ACTIVE_ARCH = YES;
				SDKROOT = iphoneos;
				TARGETED_DEVICE_FAMILY = "1,2";
			};
			name = Debug;
		};
		DAF681021D3F4D9800767779 /* Release */ = {
			isa = XCBuildConfiguration;
			buildSettings = {
				ALWAYS_SEARCH_USER_PATHS = NO;
				CLANG_CXX_LANGUAGE_STANDARD = "gnu++0x";
				CLANG_CXX_LIBRARY = "libc++";
				CLANG_ENABLE_MODULES = YES;
				CLANG_ENABLE_OBJC_ARC = YES;
				CLANG_WARN_BOOL_CONVERSION = YES;
				CLANG_WARN_CONSTANT_CONVERSION = YES;
				CLANG_WARN_DIRECT_OBJC_ISA_USAGE = YES_ERROR;
				CLANG_WARN_EMPTY_BODY = YES;
				CLANG_WARN_ENUM_CONVERSION = YES;
				CLANG_WARN_INT_CONVERSION = YES;
				CLANG_WARN_OBJC_ROOT_CLASS = YES_ERROR;
				CLANG_WARN_UNREACHABLE_CODE = YES;
				CLANG_WARN__DUPLICATE_METHOD_MATCH = YES;
				"CODE_SIGN_IDENTITY[sdk=iphoneos*]" = "iPhone Developer";
				COPY_PHASE_STRIP = NO;
				DEBUG_INFORMATION_FORMAT = "dwarf-with-dsym";
				ENABLE_NS_ASSERTIONS = NO;
				ENABLE_STRICT_OBJC_MSGSEND = YES;
				GCC_C_LANGUAGE_STANDARD = gnu99;
				GCC_NO_COMMON_BLOCKS = YES;
				GCC_WARN_64_TO_32_BIT_CONVERSION = YES;
				GCC_WARN_ABOUT_RETURN_TYPE = YES_ERROR;
				GCC_WARN_UNDECLARED_SELECTOR = YES;
				GCC_WARN_UNINITIALIZED_AUTOS = YES_AGGRESSIVE;
				GCC_WARN_UNUSED_FUNCTION = YES;
				GCC_WARN_UNUSED_VARIABLE = YES;
				IPHONEOS_DEPLOYMENT_TARGET = 9.2;
				MTL_ENABLE_DEBUG_INFO = NO;
				SDKROOT = iphoneos;
				TARGETED_DEVICE_FAMILY = "1,2";
				VALIDATE_PRODUCT = YES;
			};
			name = Release;
		};
		DAF681041D3F4D9800767779 /* Debug */ = {
			isa = XCBuildConfiguration;
			buildSettings = {
				ASSETCATALOG_COMPILER_APPICON_NAME = AppIcon;
				INFOPLIST_FILE = CSImojiKeyboard/Info.plist;
				IPHONEOS_DEPLOYMENT_TARGET = 8.0;
				LD_RUNPATH_SEARCH_PATHS = "$(inherited) @executable_path/Frameworks";
				PRODUCT_BUNDLE_IDENTIFIER = com.Elenore.CSImojiKeyboard;
				PRODUCT_NAME = "$(TARGET_NAME)";
			};
			name = Debug;
		};
		DAF681051D3F4D9800767779 /* Release */ = {
			isa = XCBuildConfiguration;
			buildSettings = {
				ASSETCATALOG_COMPILER_APPICON_NAME = AppIcon;
				INFOPLIST_FILE = CSImojiKeyboard/Info.plist;
				IPHONEOS_DEPLOYMENT_TARGET = 8.0;
				LD_RUNPATH_SEARCH_PATHS = "$(inherited) @executable_path/Frameworks";
				PRODUCT_BUNDLE_IDENTIFIER = com.Elenore.CSImojiKeyboard;
				PRODUCT_NAME = "$(TARGET_NAME)";
			};
			name = Release;
		};
		DAF681071D3F4D9800767779 /* Debug */ = {
			isa = XCBuildConfiguration;
			buildSettings = {
				BUNDLE_LOADER = "$(TEST_HOST)";
				INFOPLIST_FILE = CSImojiKeyboardTests/Info.plist;
				LD_RUNPATH_SEARCH_PATHS = "$(inherited) @executable_path/Frameworks @loader_path/Frameworks";
				PRODUCT_BUNDLE_IDENTIFIER = com.Elenore.CSImojiKeyboardTests;
				PRODUCT_NAME = "$(TARGET_NAME)";
				TEST_HOST = "$(BUILT_PRODUCTS_DIR)/CSImojiKeyboard.app/CSImojiKeyboard";
			};
			name = Debug;
		};
		DAF681081D3F4D9800767779 /* Release */ = {
			isa = XCBuildConfiguration;
			buildSettings = {
				BUNDLE_LOADER = "$(TEST_HOST)";
				INFOPLIST_FILE = CSImojiKeyboardTests/Info.plist;
				LD_RUNPATH_SEARCH_PATHS = "$(inherited) @executable_path/Frameworks @loader_path/Frameworks";
				PRODUCT_BUNDLE_IDENTIFIER = com.Elenore.CSImojiKeyboardTests;
				PRODUCT_NAME = "$(TARGET_NAME)";
				TEST_HOST = "$(BUILT_PRODUCTS_DIR)/CSImojiKeyboard.app/CSImojiKeyboard";
			};
			name = Release;
		};
		DAF6810A1D3F4D9800767779 /* Debug */ = {
			isa = XCBuildConfiguration;
			buildSettings = {
				INFOPLIST_FILE = CSImojiKeyboardUITests/Info.plist;
				LD_RUNPATH_SEARCH_PATHS = "$(inherited) @executable_path/Frameworks @loader_path/Frameworks";
				PRODUCT_BUNDLE_IDENTIFIER = com.Elenore.CSImojiKeyboardUITests;
				PRODUCT_NAME = "$(TARGET_NAME)";
				TEST_TARGET_NAME = CSImojiKeyboard;
				USES_XCTRUNNER = YES;
			};
			name = Debug;
		};
		DAF6810B1D3F4D9800767779 /* Release */ = {
			isa = XCBuildConfiguration;
			buildSettings = {
				INFOPLIST_FILE = CSImojiKeyboardUITests/Info.plist;
				LD_RUNPATH_SEARCH_PATHS = "$(inherited) @executable_path/Frameworks @loader_path/Frameworks";
				PRODUCT_BUNDLE_IDENTIFIER = com.Elenore.CSImojiKeyboardUITests;
				PRODUCT_NAME = "$(TARGET_NAME)";
				TEST_TARGET_NAME = CSImojiKeyboard;
				USES_XCTRUNNER = YES;
			};
			name = Release;
		};
/* End XCBuildConfiguration section */

/* Begin XCConfigurationList section */
		DAF680D11D3F4D9800767779 /* Build configuration list for PBXProject "CSImojiKeyboard" */ = {
			isa = XCConfigurationList;
			buildConfigurations = (
				DAF681011D3F4D9800767779 /* Debug */,
				DAF681021D3F4D9800767779 /* Release */,
			);
			defaultConfigurationIsVisible = 0;
			defaultConfigurationName = Release;
		};
		DAF681031D3F4D9800767779 /* Build configuration list for PBXNativeTarget "CSImojiKeyboard" */ = {
			isa = XCConfigurationList;
			buildConfigurations = (
				DAF681041D3F4D9800767779 /* Debug */,
				DAF681051D3F4D9800767779 /* Release */,
			);
			defaultConfigurationIsVisible = 0;
			defaultConfigurationName = Release;
		};
		DAF681061D3F4D9800767779 /* Build configuration list for PBXNativeTarget "CSImojiKeyboardTests" */ = {
			isa = XCConfigurationList;
			buildConfigurations = (
				DAF681071D3F4D9800767779 /* Debug */,
				DAF681081D3F4D9800767779 /* Release */,
			);
			defaultConfigurationIsVisible = 0;
			defaultConfigurationName = Release;
		};
		DAF681091D3F4D9800767779 /* Build configuration list for PBXNativeTarget "CSImojiKeyboardUITests" */ = {
			isa = XCConfigurationList;
			buildConfigurations = (
				DAF6810A1D3F4D9800767779 /* Debug */,
				DAF6810B1D3F4D9800767779 /* Release */,
			);
			defaultConfigurationIsVisible = 0;
			defaultConfigurationName = Release;
		};
/* End XCConfigurationList section */
	};
	rootObject = DAF680CE1D3F4D9800767779 /* Project object */;
}
